# This file is autogenerated, do not edit; changes may be undone by the next 'dep ensure'.


[[projects]]
  branch = "master"
  name = "github.com/PiotrPrzybylak/time"
  packages = ["."]
  revision = "23f96bd23f7a51c9950837c4778e770f2f0fcce6"

[[projects]]
  branch = "master"
  name = "github.com/lib/pq"
  packages = [
    ".",
    "oid"
  ]
  revision = "88edab0803230a3898347e77b474f8c1820a1f20"

[[projects]]
  branch = "master"
  name = "github.com/mailru/easyjson"
  packages = ["jlexer"]
  revision = "517203d186eb343d3df4068565cc0446b450d2c4"

[[projects]]
  name = "github.com/pkg/errors"
  packages = ["."]
  revision = "645ef00459ed84a119197bfb8d8205042c6df63d"
  version = "v0.8.0"

[solve-meta]
  analyzer-name = "dep"
  analyzer-version = 1
  inputs-digest = "edeab610902a4b51b62449b0c17d22b0329b350aa58220706329550d51ff285f"
  solver-name = "gps-cdcl"
  solver-version = 1
